
Microsoft Visual Studio Solution File, Format Version 12.00
Project("{FAE04EC0-301F-11D3-BF4B-00C04F79EFBC}") = "CigiScraper", "CigiScraper\CigiScraper.csproj", "{08BB5F42-F4F7-420F-ADE2-2F48ADB90F67}"
EndProject
Global
	GlobalSection(SolutionConfigurationPlatforms) = preSolution
		Debug|Any CPU = Debug|Any CPU
		Release|Any CPU = Release|Any CPU
	EndGlobalSection
	GlobalSection(ProjectConfigurationPlatforms) = postSolution
		{08BB5F42-F4F7-420F-ADE2-2F48ADB90F67}.Debug|Any CPU.ActiveCfg = Debug|Any CPU
		{08BB5F42-F4F7-420F-ADE2-2F48ADB90F67}.Debug|Any CPU.Build.0 = Debug|Any CPU
		{08BB5F42-F4F7-420F-ADE2-2F48ADB90F67}.Release|Any CPU.ActiveCfg = Release|Any CPU
		{08BB5F42-F4F7-420F-ADE2-2F48ADB90F67}.Release|Any CPU.Build.0 = Release|Any CPU
	EndGlobalSection
EndGlobal
